
Microsoft Visual Studio Solution File, Format Version 12.00
# Visual Studio Version 17
VisualStudioVersion = 17.7.34221.43
MinimumVisualStudioVersion = 10.0.40219.1
Project("{FAE04EC0-301F-11D3-BF4B-00C04F79EFBC}") = "lab 5.2", "lab 5.2\lab 5.2.csproj", "{1D1DF6E5-8C5A-4F53-94F8-401851724981}"
EndProject
Global
	GlobalSection(SolutionConfigurationPlatforms) = preSolution
		Debug|Any CPU = Debug|Any CPU
		Release|Any CPU = Release|Any CPU
	EndGlobalSection
	GlobalSection(ProjectConfigurationPlatforms) = postSolution
		{1D1DF6E5-8C5A-4F53-94F8-401851724981}.Debug|Any CPU.ActiveCfg = Debug|Any CPU
		{1D1DF6E5-8C5A-4F53-94F8-401851724981}.Debug|Any CPU.Build.0 = Debug|Any CPU
		{1D1DF6E5-8C5A-4F53-94F8-401851724981}.Release|Any CPU.ActiveCfg = Release|Any CPU
		{1D1DF6E5-8C5A-4F53-94F8-401851724981}.Release|Any CPU.Build.0 = Release|Any CPU
	EndGlobalSection
	GlobalSection(SolutionProperties) = preSolution
		HideSolutionNode = FALSE
	EndGlobalSection
	GlobalSection(ExtensibilityGlobals) = postSolution
		SolutionGuid = {5BFC50C3-CF68-46EA-B176-764A1EA3CFF3}
	EndGlobalSection
EndGlobal
